{
    "_readme": [
        "This file locks the dependencies of your project to a known state",
        "Read more about it at https://getcomposer.org/doc/01-basic-usage.md#composer-lock-the-lock-file",
        "This file is @generated automatically"
    ],
    "hash": "84b0af3b42cb8262eb461bb2f0451f5f",
    "content-hash": "86caf51607e3e6c6129a323087812def",
    "packages": [
        {
            "name": "enygma/yubikey",
            "version": "3.2",
            "source": {
                "type": "git",
                "url": "https://github.com/enygma/yubikey.git",
                "reference": "2a1b38754e94d8fa291f3747b237c492602229e3"
            },
            "dist": {
                "type": "zip",
                "url": "https://api.github.com/repos/enygma/yubikey/zipball/2a1b38754e94d8fa291f3747b237c492602229e3",
                "reference": "2a1b38754e94d8fa291f3747b237c492602229e3",
                "shasum": ""
            },
            "require": {
                "php": ">=5.3.1"
            },
            "require-dev": {
                "codeclimate/php-test-reporter": "dev-master",
                "phpunit/phpunit": "4.3.2"
            },
            "type": "library",
            "autoload": {
                "psr-0": {
                    "Yubikey": "src/"
                }
            },
            "notification-url": "https://packagist.org/downloads/",
            "license": [
                "MIT"
            ],
            "authors": [
                {
                    "name": "Chris Cornutt",
                    "email": "ccornutt@phpdeveloper.org",
                    "homepage": "http://www.phpdeveloper.org/"
                }
            ],
            "description": "PHP library to interface with the Yubikey REST API",
            "homepage": "https://github.com/enygma/yubikey.git",
            "keywords": [
                "api",
                "rest",
                "twofactor",
                "yubico",
                "yubikey"
            ],
            "time": "2015-04-20 23:52:22"
        }
    ],
    "packages-dev": [],
    "aliases": [],
    "minimum-stability": "stable",
    "stability-flags": [],
    "prefer-stable": false,
    "prefer-lowest": false,
    "platform": [],
    "platform-dev": []
}
